{
  "name": "@greenlight/plugin",
  "version": "0.0.0-development",
  "lockfileVersion": 1,
  "requires": true,
  "dependencies": {
    "@ahmadnassri/error": {
      "version": "1.1.1",
      "resolved": "https://registry.npmjs.org/@ahmadnassri/error/-/error-1.1.1.tgz",
      "integrity": "sha512-MfAcCl5LXulpEtjuL018A8xaXYTYXpT5W24K6yHzZinbCl1ohAAuQMTpmPn1JcOzhPCxFonDF0PNk7nvoh8hzQ=="
    },
    "@ahmadnassri/spawn-promise": {
      "version": "1.1.2",
      "resolved": "https://registry.npmjs.org/@ahmadnassri/spawn-promise/-/spawn-promise-1.1.2.tgz",
      "integrity": "sha512-HCxvB+yN/afNRBp6JZ+LmKsf8EvPklG+94uPCm8axBCfBn/j7u/8SrUskEWUByiih6A5HOooe4U9LG69hBpeXw==",
      "requires": {
        "@ahmadnassri/error": "1.1.1"
      }
    },
    "@greenlight/schema-plugin": {
      "version": "1.0.1",
      "resolved": "https://registry.npmjs.org/@greenlight/schema-plugin/-/schema-plugin-1.0.1.tgz",
      "integrity": "sha512-OSTz6dhaVAwfgQJw+tvfCtH14/aaki0PvrnzxGFlTedTuoapTOGUozMM1G/NXHFPlaydWLWJQ5JmUyxQG4CSng=="
    },
    "@greenlight/schema-report": {
      "version": "1.0.0",
      "resolved": "https://registry.npmjs.org/@greenlight/schema-report/-/schema-report-1.0.0.tgz",
      "integrity": "sha512-jisyipiRZ6JxLfnQ4VcIeiFzf90qyNwNwXcKV/vbKDDZL9VKbPrVkpKT6z2GuiO6L3vILV4ogzZn+aFCx4ydOg=="
    },
    "make-dir": {
      "version": "1.2.0",
      "resolved": "https://registry.npmjs.org/make-dir/-/make-dir-1.2.0.tgz",
      "integrity": "sha512-aNUAa4UMg/UougV25bbrU4ZaaKNjJ/3/xnvg/twpmKROPdKZPZ9wGgI0opdZzO8q/zUFawoUuixuOv33eZ61Iw==",
      "requires": {
        "pify": "3.0.0"
      }
    },
    "pify": {
      "version": "3.0.0",
      "resolved": "https://registry.npmjs.org/pify/-/pify-3.0.0.tgz",
      "integrity": "sha1-5aSs0sEB/fPZpNB/DbxNtJ3SgXY="
    }
  }
}
